// !$*UTF8*$!
{
	archiveVersion = 1;
	classes = {
	};
	objectVersion = 46;
	objects = {

/* Begin PBXBuildFile section */
		3D8302561C641A0400E3F67A /* AppDelegate.swift in Sources */ = {isa = PBXBuildFile; fileRef = 3D8302551C641A0400E3F67A /* AppDelegate.swift */; };
		3D8302581C641A0400E3F67A /* ViewController.swift in Sources */ = {isa = PBXBuildFile; fileRef = 3D8302571C641A0400E3F67A /* ViewController.swift */; };
		3D83025B1C641A0400E3F67A /* Main.storyboard in Resources */ = {isa = PBXBuildFile; fileRef = 3D8302591C641A0400E3F67A /* Main.storyboard */; };
		3D83025D1C641A0400E3F67A /* Assets.xcassets in Resources */ = {isa = PBXBuildFile; fileRef = 3D83025C1C641A0400E3F67A /* Assets.xcassets */; };
		3D8302601C641A0400E3F67A /* LaunchScreen.storyboard in Resources */ = {isa = PBXBuildFile; fileRef = 3D83025E1C641A0400E3F67A /* LaunchScreen.storyboard */; };
		3D83026B1C641A0500E3F67A /* Scavenger_HuntTests.swift in Sources */ = {isa = PBXBuildFile; fileRef = 3D83026A1C641A0500E3F67A /* Scavenger_HuntTests.swift */; };
		3D8302761C641A0500E3F67A /* Scavenger_HuntUITests.swift in Sources */ = {isa = PBXBuildFile; fileRef = 3D8302751C641A0500E3F67A /* Scavenger_HuntUITests.swift */; };
/* End PBXBuildFile section */

/* Begin PBXContainerItemProxy section */
		3D8302671C641A0500E3F67A /* PBXContainerItemProxy */ = {
			isa = PBXContainerItemProxy;
			containerPortal = 3D83024A1C641A0400E3F67A /* Project object */;
			proxyType = 1;
			remoteGlobalIDString = 3D8302511C641A0400E3F67A;
			remoteInfo = "Scavenger Hunt";
		};
		3D8302721C641A0500E3F67A /* PBXContainerItemProxy */ = {
			isa = PBXContainerItemProxy;
			containerPortal = 3D83024A1C641A0400E3F67A /* Project object */;
			proxyType = 1;
			remoteGlobalIDString = 3D8302511C641A0400E3F67A;
			remoteInfo = "Scavenger Hunt";
		};
/* End PBXContainerItemProxy section */

/* Begin PBXFileReference section */
		3D8302521C641A0400E3F67A /* Scavenger Hunt.app */ = {isa = PBXFileReference; explicitFileType = wrapper.application; includeInIndex = 0; path = "Scavenger Hunt.app"; sourceTree = BUILT_PRODUCTS_DIR; };
		3D8302551C641A0400E3F67A /* AppDelegate.swift */ = {isa = PBXFileReference; lastKnownFileType = sourcecode.swift; path = AppDelegate.swift; sourceTree = "<group>"; };
		3D8302571C641A0400E3F67A /* ViewController.swift */ = {isa = PBXFileReference; lastKnownFileType = sourcecode.swift; path = ViewController.swift; sourceTree = "<group>"; };
		3D83025A1C641A0400E3F67A /* Base */ = {isa = PBXFileReference; lastKnownFileType = file.storyboard; name = Base; path = Base.lproj/Main.storyboard; sourceTree = "<group>"; };
		3D83025C1C641A0400E3F67A /* Assets.xcassets */ = {isa = PBXFileReference; lastKnownFileType = folder.assetcatalog; path = Assets.xcassets; sourceTree = "<group>"; };
		3D83025F1C641A0400E3F67A /* Base */ = {isa = PBXFileReference; lastKnownFileType = file.storyboard; name = Base; path = Base.lproj/LaunchScreen.storyboard; sourceTree = "<group>"; };
		3D8302611C641A0400E3F67A /* Info.plist */ = {isa = PBXFileReference; lastKnownFileType = text.plist.xml; path = Info.plist; sourceTree = "<group>"; };
		3D8302661C641A0500E3F67A /* Scavenger HuntTests.xctest */ = {isa = PBXFileReference; explicitFileType = wrapper.cfbundle; includeInIndex = 0; path = "Scavenger HuntTests.xctest"; sourceTree = BUILT_PRODUCTS_DIR; };
		3D83026A1C641A0500E3F67A /* Scavenger_HuntTests.swift */ = {isa = PBXFileReference; lastKnownFileType = sourcecode.swift; path = Scavenger_HuntTests.swift; sourceTree = "<group>"; };
		3D83026C1C641A0500E3F67A /* Info.plist */ = {isa = PBXFileReference; lastKnownFileType = text.plist.xml; path = Info.plist; sourceTree = "<group>"; };
		3D8302711C641A0500E3F67A /* Scavenger HuntUITests.xctest */ = {isa = PBXFileReference; explicitFileType = wrapper.cfbundle; includeInIndex = 0; path = "Scavenger HuntUITests.xctest"; sourceTree = BUILT_PRODUCTS_DIR; };
		3D8302751C641A0500E3F67A /* Scavenger_HuntUITests.swift */ = {isa = PBXFileReference; lastKnownFileType = sourcecode.swift; path = Scavenger_HuntUITests.swift; sourceTree = "<group>"; };
		3D8302771C641A0500E3F67A /* Info.plist */ = {isa = PBXFileReference; lastKnownFileType = text.plist.xml; path = Info.plist; sourceTree = "<group>"; };
/* End PBXFileReference section */

/* Begin PBXFrameworksBuildPhase section */
		3D83024F1C641A0400E3F67A /* Frameworks */ = {
			isa = PBXFrameworksBuildPhase;
			buildActionMask = 2147483647;
			files = (
			);
			runOnlyForDeploymentPostprocessing = 0;
		};
		3D8302631C641A0500E3F67A /* Frameworks */ = {
			isa = PBXFrameworksBuildPhase;
			buildActionMask = 2147483647;
			files = (
			);
			runOnlyForDeploymentPostprocessing = 0;
		};
		3D83026E1C641A0500E3F67A /* Frameworks */ = {
			isa = PBXFrameworksBuildPhase;
			buildActionMask = 2147483647;
			files = (
			);
			runOnlyForDeploymentPostprocessing = 0;
		};
/* End PBXFrameworksBuildPhase section */

/* Begin PBXGroup section */
		3D8302491C641A0400E3F67A = {
			isa = PBXGroup;
			children = (
				3D8302541C641A0400E3F67A /* Scavenger Hunt */,
				3D8302691C641A0500E3F67A /* Scavenger HuntTests */,
				3D8302741C641A0500E3F67A /* Scavenger HuntUITests */,
				3D8302531C641A0400E3F67A /* Products */,
			);
			sourceTree = "<group>";
		};
		3D8302531C641A0400E3F67A /* Products */ = {
			isa = PBXGroup;
			children = (
				3D8302521C641A0400E3F67A /* Scavenger Hunt.app */,
				3D8302661C641A0500E3F67A /* Scavenger HuntTests.xctest */,
				3D8302711C641A0500E3F67A /* Scavenger HuntUITests.xctest */,
			);
			name = Products;
			sourceTree = "<group>";
		};
		3D8302541C641A0400E3F67A /* Scavenger Hunt */ = {
			isa = PBXGroup;
			children = (
				3D8302551C641A0400E3F67A /* AppDelegate.swift */,
				3D8302571C641A0400E3F67A /* ViewController.swift */,
				3D8302591C641A0400E3F67A /* Main.storyboard */,
				3D83025C1C641A0400E3F67A /* Assets.xcassets */,
				3D83025E1C641A0400E3F67A /* LaunchScreen.storyboard */,
				3D8302611C641A0400E3F67A /* Info.plist */,
			);
			path = "Scavenger Hunt";
			sourceTree = "<group>";
		};
		3D8302691C641A0500E3F67A /* Scavenger HuntTests */ = {
			isa = PBXGroup;
			children = (
				3D83026A1C641A0500E3F67A /* Scavenger_HuntTests.swift */,
				3D83026C1C641A0500E3F67A /* Info.plist */,
			);
			path = "Scavenger HuntTests";
			sourceTree = "<group>";
		};
		3D8302741C641A0500E3F67A /* Scavenger HuntUITests */ = {
			isa = PBXGroup;
			children = (
				3D8302751C641A0500E3F67A /* Scavenger_HuntUITests.swift */,
				3D8302771C641A0500E3F67A /* Info.plist */,
			);
			path = "Scavenger HuntUITests";
			sourceTree = "<group>";
		};
/* End PBXGroup section */

/* Begin PBXNativeTarget section */
		3D8302511C641A0400E3F67A /* Scavenger Hunt */ = {
			isa = PBXNativeTarget;
			buildConfigurationList = 3D83027A1C641A0500E3F67A /* Build configuration list for PBXNativeTarget "Scavenger Hunt" */;
			buildPhases = (
				3D83024E1C641A0400E3F67A /* Sources */,
				3D83024F1C641A0400E3F67A /* Frameworks */,
				3D8302501C641A0400E3F67A /* Resources */,
			);
			buildRules = (
			);
			dependencies = (
			);
			name = "Scavenger Hunt";
			productName = "Scavenger Hunt";
			productReference = 3D8302521C641A0400E3F67A /* Scavenger Hunt.app */;
			productType = "com.apple.product-type.application";
		};
		3D8302651C641A0500E3F67A /* Scavenger HuntTests */ = {
			isa = PBXNativeTarget;
			buildConfigurationList = 3D83027D1C641A0500E3F67A /* Build configuration list for PBXNativeTarget "Scavenger HuntTests" */;
			buildPhases = (
				3D8302621C641A0500E3F67A /* Sources */,
				3D8302631C641A0500E3F67A /* Frameworks */,
				3D8302641C641A0500E3F67A /* Resources */,
			);
			buildRules = (
			);
			dependencies = (
				3D8302681C641A0500E3F67A /* PBXTargetDependency */,
			);
			name = "Scavenger HuntTests";
			productName = "Scavenger HuntTests";
			productReference = 3D8302661C641A0500E3F67A /* Scavenger HuntTests.xctest */;
			productType = "com.apple.product-type.bundle.unit-test";
		};
		3D8302701C641A0500E3F67A /* Scavenger HuntUITests */ = {
			isa = PBXNativeTarget;
			buildConfigurationList = 3D8302801C641A0500E3F67A /* Build configuration list for PBXNativeTarget "Scavenger HuntUITests" */;
			buildPhases = (
				3D83026D1C641A0500E3F67A /* Sources */,
				3D83026E1C641A0500E3F67A /* Frameworks */,
				3D83026F1C641A0500E3F67A /* Resources */,
			);
			buildRules = (
			);
			dependencies = (
				3D8302731C641A0500E3F67A /* PBXTargetDependency */,
			);
			name = "Scavenger HuntUITests";
			productName = "Scavenger HuntUITests";
			productReference = 3D8302711C641A0500E3F67A /* Scavenger HuntUITests.xctest */;
			productType = "com.apple.product-type.bundle.ui-testing";
		};
/* End PBXNativeTarget section */

/* Begin PBXProject section */
		3D83024A1C641A0400E3F67A /* Project object */ = {
			isa = PBXProject;
			attributes = {
				LastSwiftUpdateCheck = 0720;
				LastUpgradeCheck = 0720;
				ORGANIZATIONNAME = "Christina Karolewicz";
				TargetAttributes = {
					3D8302511C641A0400E3F67A = {
						CreatedOnToolsVersion = 7.2.1;
					};
					3D8302651C641A0500E3F67A = {
						CreatedOnToolsVersion = 7.2.1;
						TestTargetID = 3D8302511C641A0400E3F67A;
					};
					3D8302701C641A0500E3F67A = {
						CreatedOnToolsVersion = 7.2.1;
						TestTargetID = 3D8302511C641A0400E3F67A;
					};
				};
			};
			buildConfigurationList = 3D83024D1C641A0400E3F67A /* Build configuration list for PBXProject "Scavenger Hunt" */;
			compatibilityVersion = "Xcode 3.2";
			developmentRegion = English;
			hasScannedForEncodings = 0;
			knownRegions = (
				en,
				Base,
			);
			mainGroup = 3D8302491C641A0400E3F67A;
			productRefGroup = 3D8302531C641A0400E3F67A /* Products */;
			projectDirPath = "";
			projectRoot = "";
			targets = (
				3D8302511C641A0400E3F67A /* Scavenger Hunt */,
				3D8302651C641A0500E3F67A /* Scavenger HuntTests */,
				3D8302701C641A0500E3F67A /* Scavenger HuntUITests */,
			);
		};
/* End PBXProject section */

/* Begin PBXResourcesBuildPhase section */
		3D8302501C641A0400E3F67A /* Resources */ = {
			isa = PBXResourcesBuildPhase;
			buildActionMask = 2147483647;
			files = (
				3D8302601C641A0400E3F67A /* LaunchScreen.storyboard in Resources */,
				3D83025D1C641A0400E3F67A /* Assets.xcassets in Resources */,
				3D83025B1C641A0400E3F67A /* Main.storyboard in Resources */,
			);
			runOnlyForDeploymentPostprocessing = 0;
		};
		3D8302641C641A0500E3F67A /* Resources */ = {
			isa = PBXResourcesBuildPhase;
			buildActionMask = 2147483647;
			files = (
			);
			runOnlyForDeploymentPostprocessing = 0;
		};
		3D83026F1C641A0500E3F67A /* Resources */ = {
			isa = PBXResourcesBuildPhase;
			buildActionMask = 2147483647;
			files = (
			);
			runOnlyForDeploymentPostprocessing = 0;
		};
/* End PBXResourcesBuildPhase section */

/* Begin PBXSourcesBuildPhase section */
		3D83024E1C641A0400E3F67A /* Sources */ = {
			isa = PBXSourcesBuildPhase;
			buildActionMask = 2147483647;
			files = (
				3D8302581C641A0400E3F67A /* ViewController.swift in Sources */,
				3D8302561C641A0400E3F67A /* AppDelegate.swift in Sources */,
			);
			runOnlyForDeploymentPostprocessing = 0;
		};
		3D8302621C641A0500E3F67A /* Sources */ = {
			isa = PBXSourcesBuildPhase;
			buildActionMask = 2147483647;
			files = (
				3D83026B1C641A0500E3F67A /* Scavenger_HuntTests.swift in Sources */,
			);
			runOnlyForDeploymentPostprocessing = 0;
		};
		3D83026D1C641A0500E3F67A /* Sources */ = {
			isa = PBXSourcesBuildPhase;
			buildActionMask = 2147483647;
			files = (
				3D8302761C641A0500E3F67A /* Scavenger_HuntUITests.swift in Sources */,
			);
			runOnlyForDeploymentPostprocessing = 0;
		};
/* End PBXSourcesBuildPhase section */

/* Begin PBXTargetDependency section */
		3D8302681C641A0500E3F67A /* PBXTargetDependency */ = {
			isa = PBXTargetDependency;
			target = 3D8302511C641A0400E3F67A /* Scavenger Hunt */;
			targetProxy = 3D8302671C641A0500E3F67A /* PBXContainerItemProxy */;
		};
		3D8302731C641A0500E3F67A /* PBXTargetDependency */ = {
			isa = PBXTargetDependency;
			target = 3D8302511C641A0400E3F67A /* Scavenger Hunt */;
			targetProxy = 3D8302721C641A0500E3F67A /* PBXContainerItemProxy */;
		};
/* End PBXTargetDependency section */

/* Begin PBXVariantGroup section */
		3D8302591C641A0400E3F67A /* Main.storyboard */ = {
			isa = PBXVariantGroup;
			children = (
				3D83025A1C641A0400E3F67A /* Base */,
			);
			name = Main.storyboard;
			sourceTree = "<group>";
		};
		3D83025E1C641A0400E3F67A /* LaunchScreen.storyboard */ = {
			isa = PBXVariantGroup;
			children = (
				3D83025F1C641A0400E3F67A /* Base */,
			);
			name = LaunchScreen.storyboard;
			sourceTree = "<group>";
		};
/* End PBXVariantGroup section */

/* Begin XCBuildConfiguration section */
		3D8302781C641A0500E3F67A /* Debug */ = {
			isa = XCBuildConfiguration;
			buildSettings = {
				ALWAYS_SEARCH_USER_PATHS = NO;
				CLANG_CXX_LANGUAGE_STANDARD = "gnu++0x";
				CLANG_CXX_LIBRARY = "libc++";
				CLANG_ENABLE_MODULES = YES;
				CLANG_ENABLE_OBJC_ARC = YES;
				CLANG_WARN_BOOL_CONVERSION = YES;
				CLANG_WARN_CONSTANT_CONVERSION = YES;
				CLANG_WARN_DIRECT_OBJC_ISA_USAGE = YES_ERROR;
				CLANG_WARN_EMPTY_BODY = YES;
				CLANG_WARN_ENUM_CONVERSION = YES;
				CLANG_WARN_INT_CONVERSION = YES;
				CLANG_WARN_OBJC_ROOT_CLASS = YES_ERROR;
				CLANG_WARN_UNREACHABLE_CODE = YES;
				CLANG_WARN__DUPLICATE_METHOD_MATCH = YES;
				"CODE_SIGN_IDENTITY[sdk=iphoneos*]" = "iPhone Developer";
				COPY_PHASE_STRIP = NO;
				DEBUG_INFORMATION_FORMAT = dwarf;
				ENABLE_STRICT_OBJC_MSGSEND = YES;
				ENABLE_TESTABILITY = YES;
				GCC_C_LANGUAGE_STANDARD = gnu99;
				GCC_DYNAMIC_NO_PIC = NO;
				GCC_NO_COMMON_BLOCKS = YES;
				GCC_OPTIMIZATION_LEVEL = 0;
				GCC_PREPROCESSOR_DEFINITIONS = (
					"DEBUG=1",
					"$(inherited)",
				);
				GCC_WARN_64_TO_32_BIT_CONVERSION = YES;
				GCC_WARN_ABOUT_RETURN_TYPE = YES_ERROR;
				GCC_WARN_UNDECLARED_SELECTOR = YES;
				GCC_WARN_UNINITIALIZED_AUTOS = YES_AGGRESSIVE;
				GCC_WARN_UNUSED_FUNCTION = YES;
				GCC_WARN_UNUSED_VARIABLE = YES;
				IPHONEOS_DEPLOYMENT_TARGET = 9.2;
				MTL_ENABLE_DEBUG_INFO = YES;
				ONLY_ACTIVE_ARCH = YES;
				SDKROOT = iphoneos;
				SWIFT_OPTIMIZATION_LEVEL = "-Onone";
				TARGETED_DEVICE_FAMILY = "1,2";
			};
			name = Debug;
		};
		3D8302791C641A0500E3F67A /* Release */ = {
			isa = XCBuildConfiguration;
			buildSettings = {
				ALWAYS_SEARCH_USER_PATHS = NO;
				CLANG_CXX_LANGUAGE_STANDARD = "gnu++0x";
				CLANG_CXX_LIBRARY = "libc++";
				CLANG_ENABLE_MODULES = YES;
				CLANG_ENABLE_OBJC_ARC = YES;
				CLANG_WARN_BOOL_CONVERSION = YES;
				CLANG_WARN_CONSTANT_CONVERSION = YES;
				CLANG_WARN_DIRECT_OBJC_ISA_USAGE = YES_ERROR;
				CLANG_WARN_EMPTY_BODY = YES;
				CLANG_WARN_ENUM_CONVERSION = YES;
				CLANG_WARN_INT_CONVERSION = YES;
				CLANG_WARN_OBJC_ROOT_CLASS = YES_ERROR;
				CLANG_WARN_UNREACHABLE_CODE = YES;
				CLANG_WARN__DUPLICATE_METHOD_MATCH = YES;
				"CODE_SIGN_IDENTITY[sdk=iphoneos*]" = "iPhone Developer";
				COPY_PHASE_STRIP = NO;
				DEBUG_INFORMATION_FORMAT = "dwarf-with-dsym";
				ENABLE_NS_ASSERTIONS = NO;
				ENABLE_STRICT_OBJC_MSGSEND = YES;
				GCC_C_LANGUAGE_STANDARD = gnu99;
				GCC_NO_COMMON_BLOCKS = YES;
				GCC_WARN_64_TO_32_BIT_CONVERSION = YES;
				GCC_WARN_ABOUT_RETURN_TYPE = YES_ERROR;
				GCC_WARN_UNDECLARED_SELECTOR = YES;
				GCC_WARN_UNINITIALIZED_AUTOS = YES_AGGRESSIVE;
				GCC_WARN_UNUSED_FUNCTION = YES;
				GCC_WARN_UNUSED_VARIABLE = YES;
				IPHONEOS_DEPLOYMENT_TARGET = 9.2;
				MTL_ENABLE_DEBUG_INFO = NO;
				SDKROOT = iphoneos;
				TARGETED_DEVICE_FAMILY = "1,2";
				VALIDATE_PRODUCT = YES;
			};
			name = Release;
		};
		3D83027B1C641A0500E3F67A /* Debug */ = {
			isa = XCBuildConfiguration;
			buildSettings = {
				ASSETCATALOG_COMPILER_APPICON_NAME = AppIcon;
				INFOPLIST_FILE = "Scavenger Hunt/Info.plist";
				LD_RUNPATH_SEARCH_PATHS = "$(inherited) @executable_path/Frameworks";
				PRODUCT_BUNDLE_IDENTIFIER = "com.example.Scavenger-Hunt";
				PRODUCT_NAME = "$(TARGET_NAME)";
			};
			name = Debug;
		};
		3D83027C1C641A0500E3F67A /* Release */ = {
			isa = XCBuildConfiguration;
			buildSettings = {
				ASSETCATALOG_COMPILER_APPICON_NAME = AppIcon;
				INFOPLIST_FILE = "Scavenger Hunt/Info.plist";
				LD_RUNPATH_SEARCH_PATHS = "$(inherited) @executable_path/Frameworks";
				PRODUCT_BUNDLE_IDENTIFIER = "com.example.Scavenger-Hunt";
				PRODUCT_NAME = "$(TARGET_NAME)";
			};
			name = Release;
		};
		3D83027E1C641A0500E3F67A /* Debug */ = {
			isa = XCBuildConfiguration;
			buildSettings = {
				BUNDLE_LOADER = "$(TEST_HOST)";
				INFOPLIST_FILE = "Scavenger HuntTests/Info.plist";
				LD_RUNPATH_SEARCH_PATHS = "$(inherited) @executable_path/Frameworks @loader_path/Frameworks";
				PRODUCT_BUNDLE_IDENTIFIER = "com.example.Scavenger-HuntTests";
				PRODUCT_NAME = "$(TARGET_NAME)";
				TEST_HOST = "$(BUILT_PRODUCTS_DIR)/Scavenger Hunt.app/Scavenger Hunt";
			};
			name = Debug;
		};
		3D83027F1C641A0500E3F67A /* Release */ = {
			isa = XCBuildConfiguration;
			buildSettings = {
				BUNDLE_LOADER = "$(TEST_HOST)";
				INFOPLIST_FILE = "Scavenger HuntTests/Info.plist";
				LD_RUNPATH_SEARCH_PATHS = "$(inherited) @executable_path/Frameworks @loader_path/Frameworks";
				PRODUCT_BUNDLE_IDENTIFIER = "com.example.Scavenger-HuntTests";
				PRODUCT_NAME = "$(TARGET_NAME)";
				TEST_HOST = "$(BUILT_PRODUCTS_DIR)/Scavenger Hunt.app/Scavenger Hunt";
			};
			name = Release;
		};
		3D8302811C641A0500E3F67A /* Debug */ = {
			isa = XCBuildConfiguration;
			buildSettings = {
				INFOPLIST_FILE = "Scavenger HuntUITests/Info.plist";
				LD_RUNPATH_SEARCH_PATHS = "$(inherited) @executable_path/Frameworks @loader_path/Frameworks";
				PRODUCT_BUNDLE_IDENTIFIER = "com.example.Scavenger-HuntUITests";
				PRODUCT_NAME = "$(TARGET_NAME)";
				TEST_TARGET_NAME = "Scavenger Hunt";
				USES_XCTRUNNER = YES;
			};
			name = Debug;
		};
		3D8302821C641A0500E3F67A /* Release */ = {
			isa = XCBuildConfiguration;
			buildSettings = {
				INFOPLIST_FILE = "Scavenger HuntUITests/Info.plist";
				LD_RUNPATH_SEARCH_PATHS = "$(inherited) @executable_path/Frameworks @loader_path/Frameworks";
				PRODUCT_BUNDLE_IDENTIFIER = "com.example.Scavenger-HuntUITests";
				PRODUCT_NAME = "$(TARGET_NAME)";
				TEST_TARGET_NAME = "Scavenger Hunt";
				USES_XCTRUNNER = YES;
			};
			name = Release;
		};
/* End XCBuildConfiguration section */

/* Begin XCConfigurationList section */
		3D83024D1C641A0400E3F67A /* Build configuration list for PBXProject "Scavenger Hunt" */ = {
			isa = XCConfigurationList;
			buildConfigurations = (
				3D8302781C641A0500E3F67A /* Debug */,
				3D8302791C641A0500E3F67A /* Release */,
			);
			defaultConfigurationIsVisible = 0;
			defaultConfigurationName = Release;
		};
		3D83027A1C641A0500E3F67A /* Build configuration list for PBXNativeTarget "Scavenger Hunt" */ = {
			isa = XCConfigurationList;
			buildConfigurations = (
				3D83027B1C641A0500E3F67A /* Debug */,
				3D83027C1C641A0500E3F67A /* Release */,
			);
			defaultConfigurationIsVisible = 0;
		};
		3D83027D1C641A0500E3F67A /* Build configuration list for PBXNativeTarget "Scavenger HuntTests" */ = {
			isa = XCConfigurationList;
			buildConfigurations = (
				3D83027E1C641A0500E3F67A /* Debug */,
				3D83027F1C641A0500E3F67A /* Release */,
			);
			defaultConfigurationIsVisible = 0;
		};
		3D8302801C641A0500E3F67A /* Build configuration list for PBXNativeTarget "Scavenger HuntUITests" */ = {
			isa = XCConfigurationList;
			buildConfigurations = (
				3D8302811C641A0500E3F67A /* Debug */,
				3D8302821C641A0500E3F67A /* Release */,
			);
			defaultConfigurationIsVisible = 0;
		};
/* End XCConfigurationList section */
	};
	rootObject = 3D83024A1C641A0400E3F67A /* Project object */;
}
